
Microsoft Visual Studio Solution File, Format Version 12.00
# Visual Studio Version 17
VisualStudioVersion = 17.3.32819.101
MinimumVisualStudioVersion = 10.0.40219.1
Project("{FAE04EC0-301F-11D3-BF4B-00C04F79EFBC}") = "ejercicioApi1", "ejercicioApi1\ejercicioApi1.csproj", "{F2D822C5-937A-428C-9083-C600DF81249D}"
EndProject
Global
	GlobalSection(SolutionConfigurationPlatforms) = preSolution
		Debug|Any CPU = Debug|Any CPU
		Release|Any CPU = Release|Any CPU
	EndGlobalSection
	GlobalSection(ProjectConfigurationPlatforms) = postSolution
		{F2D822C5-937A-428C-9083-C600DF81249D}.Debug|Any CPU.ActiveCfg = Debug|Any CPU
		{F2D822C5-937A-428C-9083-C600DF81249D}.Debug|Any CPU.Build.0 = Debug|Any CPU
		{F2D822C5-937A-428C-9083-C600DF81249D}.Release|Any CPU.ActiveCfg = Release|Any CPU
		{F2D822C5-937A-428C-9083-C600DF81249D}.Release|Any CPU.Build.0 = Release|Any CPU
	EndGlobalSection
	GlobalSection(SolutionProperties) = preSolution
		HideSolutionNode = FALSE
	EndGlobalSection
	GlobalSection(ExtensibilityGlobals) = postSolution
		SolutionGuid = {D1F1A55C-A546-48C6-A41A-C88207992ECE}
	EndGlobalSection
EndGlobal
